
Microsoft Visual Studio Solution File, Format Version 12.00
# Visual Studio Version 17
VisualStudioVersion = 17.0.31808.319
MinimumVisualStudioVersion = 10.0.40219.1
Project("{FAE04EC0-301F-11D3-BF4B-00C04F79EFBC}") = "Lab022", "Lab022\Lab022.csproj", "{24EF9AC2-09C9-4C0E-AEA1-14CD4856001A}"
EndProject
Global
	GlobalSection(SolutionConfigurationPlatforms) = preSolution
		Debug|Any CPU = Debug|Any CPU
		Release|Any CPU = Release|Any CPU
	EndGlobalSection
	GlobalSection(ProjectConfigurationPlatforms) = postSolution
		{24EF9AC2-09C9-4C0E-AEA1-14CD4856001A}.Debug|Any CPU.ActiveCfg = Debug|Any CPU
		{24EF9AC2-09C9-4C0E-AEA1-14CD4856001A}.Debug|Any CPU.Build.0 = Debug|Any CPU
		{24EF9AC2-09C9-4C0E-AEA1-14CD4856001A}.Release|Any CPU.ActiveCfg = Release|Any CPU
		{24EF9AC2-09C9-4C0E-AEA1-14CD4856001A}.Release|Any CPU.Build.0 = Release|Any CPU
	EndGlobalSection
	GlobalSection(SolutionProperties) = preSolution
		HideSolutionNode = FALSE
	EndGlobalSection
	GlobalSection(ExtensibilityGlobals) = postSolution
		SolutionGuid = {4E7063F3-9DB5-4BC0-BAA6-57CFC4600464}
	EndGlobalSection
EndGlobal
