
Microsoft Visual Studio Solution File, Format Version 12.00
# Visual Studio Version 17
VisualStudioVersion = 17.5.33530.505
MinimumVisualStudioVersion = 10.0.40219.1
Project("{FAE04EC0-301F-11D3-BF4B-00C04F79EFBC}") = "19-2-1_DEMO_Routing_endpoints", "19-2-1_DEMO_Routing_endpoints\19-2-1_DEMO_Routing_endpoints.csproj", "{68FD265A-22E6-4C48-A4FD-2AE121A31A20}"
EndProject
Global
	GlobalSection(SolutionConfigurationPlatforms) = preSolution
		Debug|Any CPU = Debug|Any CPU
		Release|Any CPU = Release|Any CPU
	EndGlobalSection
	GlobalSection(ProjectConfigurationPlatforms) = postSolution
		{68FD265A-22E6-4C48-A4FD-2AE121A31A20}.Debug|Any CPU.ActiveCfg = Debug|Any CPU
		{68FD265A-22E6-4C48-A4FD-2AE121A31A20}.Debug|Any CPU.Build.0 = Debug|Any CPU
		{68FD265A-22E6-4C48-A4FD-2AE121A31A20}.Release|Any CPU.ActiveCfg = Release|Any CPU
		{68FD265A-22E6-4C48-A4FD-2AE121A31A20}.Release|Any CPU.Build.0 = Release|Any CPU
	EndGlobalSection
	GlobalSection(SolutionProperties) = preSolution
		HideSolutionNode = FALSE
	EndGlobalSection
	GlobalSection(ExtensibilityGlobals) = postSolution
		SolutionGuid = {DB2D4E24-2893-43E2-AD0B-87F94708F2D0}
	EndGlobalSection
EndGlobal
