
Microsoft Visual Studio Solution File, Format Version 12.00
# Visual Studio Version 17
VisualStudioVersion = 17.6.33723.286
MinimumVisualStudioVersion = 10.0.40219.1
Project("{FAE04EC0-301F-11D3-BF4B-00C04F79EFBC}") = "DEMOTagHelpers&Cache", "DEMOTagHelpers&Cache\DEMOTagHelpers&Cache.csproj", "{9EBD5213-8BB3-4C5E-BE3C-6D6ACA652F31}"
EndProject
Global
	GlobalSection(SolutionConfigurationPlatforms) = preSolution
		Debug|Any CPU = Debug|Any CPU
		Release|Any CPU = Release|Any CPU
	EndGlobalSection
	GlobalSection(ProjectConfigurationPlatforms) = postSolution
		{9EBD5213-8BB3-4C5E-BE3C-6D6ACA652F31}.Debug|Any CPU.ActiveCfg = Debug|Any CPU
		{9EBD5213-8BB3-4C5E-BE3C-6D6ACA652F31}.Debug|Any CPU.Build.0 = Debug|Any CPU
		{9EBD5213-8BB3-4C5E-BE3C-6D6ACA652F31}.Release|Any CPU.ActiveCfg = Release|Any CPU
		{9EBD5213-8BB3-4C5E-BE3C-6D6ACA652F31}.Release|Any CPU.Build.0 = Release|Any CPU
	EndGlobalSection
	GlobalSection(SolutionProperties) = preSolution
		HideSolutionNode = FALSE
	EndGlobalSection
	GlobalSection(ExtensibilityGlobals) = postSolution
		SolutionGuid = {5B9C7D81-17FC-4200-AEF6-F457542D2B1E}
	EndGlobalSection
EndGlobal
