
Microsoft Visual Studio Solution File, Format Version 12.00
# Visual Studio Version 17
VisualStudioVersion = 17.5.33530.505
MinimumVisualStudioVersion = 10.0.40219.1
Project("{FAE04EC0-301F-11D3-BF4B-00C04F79EFBC}") = "19-4_Binding", "19-4_Binding\19-4_Binding.csproj", "{B23BD3DA-8241-4643-8ED2-E4915205F714}"
EndProject
Global
	GlobalSection(SolutionConfigurationPlatforms) = preSolution
		Debug|Any CPU = Debug|Any CPU
		Release|Any CPU = Release|Any CPU
	EndGlobalSection
	GlobalSection(ProjectConfigurationPlatforms) = postSolution
		{B23BD3DA-8241-4643-8ED2-E4915205F714}.Debug|Any CPU.ActiveCfg = Debug|Any CPU
		{B23BD3DA-8241-4643-8ED2-E4915205F714}.Debug|Any CPU.Build.0 = Debug|Any CPU
		{B23BD3DA-8241-4643-8ED2-E4915205F714}.Release|Any CPU.ActiveCfg = Release|Any CPU
		{B23BD3DA-8241-4643-8ED2-E4915205F714}.Release|Any CPU.Build.0 = Release|Any CPU
	EndGlobalSection
	GlobalSection(SolutionProperties) = preSolution
		HideSolutionNode = FALSE
	EndGlobalSection
	GlobalSection(ExtensibilityGlobals) = postSolution
		SolutionGuid = {34BCE3D7-6729-4C08-8401-4DE5588AB44A}
	EndGlobalSection
EndGlobal
