
Microsoft Visual Studio Solution File, Format Version 12.00
# Visual Studio Version 17
VisualStudioVersion = 17.6.33723.286
MinimumVisualStudioVersion = 10.0.40219.1
Project("{FAE04EC0-301F-11D3-BF4B-00C04F79EFBC}") = "BindingAvanzado", "BindingAvanzado\BindingAvanzado.csproj", "{E8BC3285-5086-43C4-9D30-F6DAC0430A05}"
EndProject
Global
	GlobalSection(SolutionConfigurationPlatforms) = preSolution
		Debug|Any CPU = Debug|Any CPU
		Release|Any CPU = Release|Any CPU
	EndGlobalSection
	GlobalSection(ProjectConfigurationPlatforms) = postSolution
		{E8BC3285-5086-43C4-9D30-F6DAC0430A05}.Debug|Any CPU.ActiveCfg = Debug|Any CPU
		{E8BC3285-5086-43C4-9D30-F6DAC0430A05}.Debug|Any CPU.Build.0 = Debug|Any CPU
		{E8BC3285-5086-43C4-9D30-F6DAC0430A05}.Release|Any CPU.ActiveCfg = Release|Any CPU
		{E8BC3285-5086-43C4-9D30-F6DAC0430A05}.Release|Any CPU.Build.0 = Release|Any CPU
	EndGlobalSection
	GlobalSection(SolutionProperties) = preSolution
		HideSolutionNode = FALSE
	EndGlobalSection
	GlobalSection(ExtensibilityGlobals) = postSolution
		SolutionGuid = {B8C7FAD1-10CF-47CD-A129-73414DF1E8B0}
	EndGlobalSection
EndGlobal
