
Microsoft Visual Studio Solution File, Format Version 12.00
# Visual Studio Version 17
VisualStudioVersion = 17.5.33530.505
MinimumVisualStudioVersion = 10.0.40219.1
Project("{FAE04EC0-301F-11D3-BF4B-00C04F79EFBC}") = "26_PRACTICA_2-4", "26_PRACTICA_2-4\26_PRACTICA_2-4.csproj", "{509D6A58-7372-4BE1-A693-88EEE7DA0E7C}"
EndProject
Global
	GlobalSection(SolutionConfigurationPlatforms) = preSolution
		Debug|Any CPU = Debug|Any CPU
		Release|Any CPU = Release|Any CPU
	EndGlobalSection
	GlobalSection(ProjectConfigurationPlatforms) = postSolution
		{509D6A58-7372-4BE1-A693-88EEE7DA0E7C}.Debug|Any CPU.ActiveCfg = Debug|Any CPU
		{509D6A58-7372-4BE1-A693-88EEE7DA0E7C}.Debug|Any CPU.Build.0 = Debug|Any CPU
		{509D6A58-7372-4BE1-A693-88EEE7DA0E7C}.Release|Any CPU.ActiveCfg = Release|Any CPU
		{509D6A58-7372-4BE1-A693-88EEE7DA0E7C}.Release|Any CPU.Build.0 = Release|Any CPU
	EndGlobalSection
	GlobalSection(SolutionProperties) = preSolution
		HideSolutionNode = FALSE
	EndGlobalSection
	GlobalSection(ExtensibilityGlobals) = postSolution
		SolutionGuid = {E85DCD58-5BF2-4CC4-8DCB-691E3B5C4CFB}
	EndGlobalSection
EndGlobal
