
Microsoft Visual Studio Solution File, Format Version 12.00
# Visual Studio Version 17
VisualStudioVersion = 17.0.31710.8
MinimumVisualStudioVersion = 10.0.40219.1
Project("{FAE04EC0-301F-11D3-BF4B-00C04F79EFBC}") = "Lab021", "Lab021\Lab021.csproj", "{8E071133-0D17-4422-8AF0-74A2CD3320A7}"
EndProject
Global
	GlobalSection(SolutionConfigurationPlatforms) = preSolution
		Debug|Any CPU = Debug|Any CPU
		Release|Any CPU = Release|Any CPU
	EndGlobalSection
	GlobalSection(ProjectConfigurationPlatforms) = postSolution
		{8E071133-0D17-4422-8AF0-74A2CD3320A7}.Debug|Any CPU.ActiveCfg = Debug|Any CPU
		{8E071133-0D17-4422-8AF0-74A2CD3320A7}.Debug|Any CPU.Build.0 = Debug|Any CPU
		{8E071133-0D17-4422-8AF0-74A2CD3320A7}.Release|Any CPU.ActiveCfg = Release|Any CPU
		{8E071133-0D17-4422-8AF0-74A2CD3320A7}.Release|Any CPU.Build.0 = Release|Any CPU
	EndGlobalSection
	GlobalSection(SolutionProperties) = preSolution
		HideSolutionNode = FALSE
	EndGlobalSection
	GlobalSection(ExtensibilityGlobals) = postSolution
		SolutionGuid = {55642AC6-0410-4A8E-813F-0630B3E4F9F3}
	EndGlobalSection
EndGlobal
