
Microsoft Visual Studio Solution File, Format Version 12.00
# Visual Studio Version 17
VisualStudioVersion = 17.6.33723.286
MinimumVisualStudioVersion = 10.0.40219.1
Project("{FAE04EC0-301F-11D3-BF4B-00C04F79EFBC}") = "DEMOBindingSimple", "DEMOBindingSimple\DEMOBindingSimple.csproj", "{04862C7D-8027-433A-866E-0FC90AE82789}"
EndProject
Global
	GlobalSection(SolutionConfigurationPlatforms) = preSolution
		Debug|Any CPU = Debug|Any CPU
		Release|Any CPU = Release|Any CPU
	EndGlobalSection
	GlobalSection(ProjectConfigurationPlatforms) = postSolution
		{04862C7D-8027-433A-866E-0FC90AE82789}.Debug|Any CPU.ActiveCfg = Debug|Any CPU
		{04862C7D-8027-433A-866E-0FC90AE82789}.Debug|Any CPU.Build.0 = Debug|Any CPU
		{04862C7D-8027-433A-866E-0FC90AE82789}.Release|Any CPU.ActiveCfg = Release|Any CPU
		{04862C7D-8027-433A-866E-0FC90AE82789}.Release|Any CPU.Build.0 = Release|Any CPU
	EndGlobalSection
	GlobalSection(SolutionProperties) = preSolution
		HideSolutionNode = FALSE
	EndGlobalSection
	GlobalSection(ExtensibilityGlobals) = postSolution
		SolutionGuid = {9EF8E7B5-B083-48D7-AE28-6DCDB6D9097C}
	EndGlobalSection
EndGlobal
