
Microsoft Visual Studio Solution File, Format Version 12.00
# Visual Studio Version 17
VisualStudioVersion = 17.6.33723.286
MinimumVisualStudioVersion = 10.0.40219.1
Project("{FAE04EC0-301F-11D3-BF4B-00C04F79EFBC}") = "DEMOFiltros", "DEMOFiltros\DEMOFiltros.csproj", "{1E1702E7-AF61-4965-B05F-CA5EA000AB14}"
EndProject
Global
	GlobalSection(SolutionConfigurationPlatforms) = preSolution
		Debug|Any CPU = Debug|Any CPU
		Release|Any CPU = Release|Any CPU
	EndGlobalSection
	GlobalSection(ProjectConfigurationPlatforms) = postSolution
		{1E1702E7-AF61-4965-B05F-CA5EA000AB14}.Debug|Any CPU.ActiveCfg = Debug|Any CPU
		{1E1702E7-AF61-4965-B05F-CA5EA000AB14}.Debug|Any CPU.Build.0 = Debug|Any CPU
		{1E1702E7-AF61-4965-B05F-CA5EA000AB14}.Release|Any CPU.ActiveCfg = Release|Any CPU
		{1E1702E7-AF61-4965-B05F-CA5EA000AB14}.Release|Any CPU.Build.0 = Release|Any CPU
	EndGlobalSection
	GlobalSection(SolutionProperties) = preSolution
		HideSolutionNode = FALSE
	EndGlobalSection
	GlobalSection(ExtensibilityGlobals) = postSolution
		SolutionGuid = {12AD97C6-2B00-413B-B5A5-27C0BC7B70E4}
	EndGlobalSection
EndGlobal
