
Microsoft Visual Studio Solution File, Format Version 12.00
# Visual Studio Version 17
VisualStudioVersion = 17.5.33530.505
MinimumVisualStudioVersion = 10.0.40219.1
Project("{FAE04EC0-301F-11D3-BF4B-00C04F79EFBC}") = "14_servir_archivos_estaticos", "14_servir_archivos_estaticos\14_servir_archivos_estaticos.csproj", "{D14B6AB4-69C5-4580-8F89-21F57A67C60F}"
EndProject
Global
	GlobalSection(SolutionConfigurationPlatforms) = preSolution
		Debug|Any CPU = Debug|Any CPU
		Release|Any CPU = Release|Any CPU
	EndGlobalSection
	GlobalSection(ProjectConfigurationPlatforms) = postSolution
		{D14B6AB4-69C5-4580-8F89-21F57A67C60F}.Debug|Any CPU.ActiveCfg = Debug|Any CPU
		{D14B6AB4-69C5-4580-8F89-21F57A67C60F}.Debug|Any CPU.Build.0 = Debug|Any CPU
		{D14B6AB4-69C5-4580-8F89-21F57A67C60F}.Release|Any CPU.ActiveCfg = Release|Any CPU
		{D14B6AB4-69C5-4580-8F89-21F57A67C60F}.Release|Any CPU.Build.0 = Release|Any CPU
	EndGlobalSection
	GlobalSection(SolutionProperties) = preSolution
		HideSolutionNode = FALSE
	EndGlobalSection
	GlobalSection(ExtensibilityGlobals) = postSolution
		SolutionGuid = {48ECE371-94E1-4243-92E3-AD74E401E544}
	EndGlobalSection
EndGlobal
