
Microsoft Visual Studio Solution File, Format Version 12.00
# Visual Studio Version 17
VisualStudioVersion = 17.5.33530.505
MinimumVisualStudioVersion = 10.0.40219.1
Project("{FAE04EC0-301F-11D3-BF4B-00C04F79EFBC}") = "3-4_DEMO_proyecto_basico", "3-4_DEMO_proyecto_basico\3-4_DEMO_proyecto_basico.csproj", "{F4F146A3-573D-4CE2-8533-44BA181541DA}"
EndProject
Global
	GlobalSection(SolutionConfigurationPlatforms) = preSolution
		Debug|Any CPU = Debug|Any CPU
		Release|Any CPU = Release|Any CPU
	EndGlobalSection
	GlobalSection(ProjectConfigurationPlatforms) = postSolution
		{F4F146A3-573D-4CE2-8533-44BA181541DA}.Debug|Any CPU.ActiveCfg = Debug|Any CPU
		{F4F146A3-573D-4CE2-8533-44BA181541DA}.Debug|Any CPU.Build.0 = Debug|Any CPU
		{F4F146A3-573D-4CE2-8533-44BA181541DA}.Release|Any CPU.ActiveCfg = Release|Any CPU
		{F4F146A3-573D-4CE2-8533-44BA181541DA}.Release|Any CPU.Build.0 = Release|Any CPU
	EndGlobalSection
	GlobalSection(SolutionProperties) = preSolution
		HideSolutionNode = FALSE
	EndGlobalSection
	GlobalSection(ExtensibilityGlobals) = postSolution
		SolutionGuid = {C8D15717-513C-4196-A82D-FAE2C9E9953D}
	EndGlobalSection
EndGlobal
