
Microsoft Visual Studio Solution File, Format Version 12.00
# Visual Studio Version 17
VisualStudioVersion = 17.5.33530.505
MinimumVisualStudioVersion = 10.0.40219.1
Project("{FAE04EC0-301F-11D3-BF4B-00C04F79EFBC}") = "AppMVC", "AppMVC\AppMVC.csproj", "{BB5D9529-D35E-48DB-A1EC-613FE3A99515}"
EndProject
Global
	GlobalSection(SolutionConfigurationPlatforms) = preSolution
		Debug|Any CPU = Debug|Any CPU
		Release|Any CPU = Release|Any CPU
	EndGlobalSection
	GlobalSection(ProjectConfigurationPlatforms) = postSolution
		{BB5D9529-D35E-48DB-A1EC-613FE3A99515}.Debug|Any CPU.ActiveCfg = Debug|Any CPU
		{BB5D9529-D35E-48DB-A1EC-613FE3A99515}.Debug|Any CPU.Build.0 = Debug|Any CPU
		{BB5D9529-D35E-48DB-A1EC-613FE3A99515}.Release|Any CPU.ActiveCfg = Release|Any CPU
		{BB5D9529-D35E-48DB-A1EC-613FE3A99515}.Release|Any CPU.Build.0 = Release|Any CPU
	EndGlobalSection
	GlobalSection(SolutionProperties) = preSolution
		HideSolutionNode = FALSE
	EndGlobalSection
	GlobalSection(ExtensibilityGlobals) = postSolution
		SolutionGuid = {D02D0F4E-085B-4058-A2ED-FD7D149E0346}
	EndGlobalSection
EndGlobal
