
Microsoft Visual Studio Solution File, Format Version 12.00
# Visual Studio Version 17
VisualStudioVersion = 17.5.33530.505
MinimumVisualStudioVersion = 10.0.40219.1
Project("{FAE04EC0-301F-11D3-BF4B-00C04F79EFBC}") = "19-5-1_DEMO_Retorno_handlers", "19-5-1_DEMO_Retorno_handlers\19-5-1_DEMO_Retorno_handlers.csproj", "{0547FE7B-961A-46E7-ACBD-A607EACA704C}"
EndProject
Global
	GlobalSection(SolutionConfigurationPlatforms) = preSolution
		Debug|Any CPU = Debug|Any CPU
		Release|Any CPU = Release|Any CPU
	EndGlobalSection
	GlobalSection(ProjectConfigurationPlatforms) = postSolution
		{0547FE7B-961A-46E7-ACBD-A607EACA704C}.Debug|Any CPU.ActiveCfg = Debug|Any CPU
		{0547FE7B-961A-46E7-ACBD-A607EACA704C}.Debug|Any CPU.Build.0 = Debug|Any CPU
		{0547FE7B-961A-46E7-ACBD-A607EACA704C}.Release|Any CPU.ActiveCfg = Release|Any CPU
		{0547FE7B-961A-46E7-ACBD-A607EACA704C}.Release|Any CPU.Build.0 = Release|Any CPU
	EndGlobalSection
	GlobalSection(SolutionProperties) = preSolution
		HideSolutionNode = FALSE
	EndGlobalSection
	GlobalSection(ExtensibilityGlobals) = postSolution
		SolutionGuid = {67977B1F-066B-4CC8-8B54-6EC834809BBD}
	EndGlobalSection
EndGlobal
