
Microsoft Visual Studio Solution File, Format Version 12.00
# Visual Studio Version 17
VisualStudioVersion = 17.6.33723.286
MinimumVisualStudioVersion = 10.0.40219.1
Project("{FAE04EC0-301F-11D3-BF4B-00C04F79EFBC}") = "DEMOApiController", "DEMOApiController\DEMOApiController.csproj", "{87568021-C93E-4F0F-BD0A-740B41C30C5D}"
EndProject
Global
	GlobalSection(SolutionConfigurationPlatforms) = preSolution
		Debug|Any CPU = Debug|Any CPU
		Release|Any CPU = Release|Any CPU
	EndGlobalSection
	GlobalSection(ProjectConfigurationPlatforms) = postSolution
		{87568021-C93E-4F0F-BD0A-740B41C30C5D}.Debug|Any CPU.ActiveCfg = Debug|Any CPU
		{87568021-C93E-4F0F-BD0A-740B41C30C5D}.Debug|Any CPU.Build.0 = Debug|Any CPU
		{87568021-C93E-4F0F-BD0A-740B41C30C5D}.Release|Any CPU.ActiveCfg = Release|Any CPU
		{87568021-C93E-4F0F-BD0A-740B41C30C5D}.Release|Any CPU.Build.0 = Release|Any CPU
	EndGlobalSection
	GlobalSection(SolutionProperties) = preSolution
		HideSolutionNode = FALSE
	EndGlobalSection
	GlobalSection(ExtensibilityGlobals) = postSolution
		SolutionGuid = {1EA26093-9B18-4B45-A819-3495AB5F0674}
	EndGlobalSection
EndGlobal
